
Microsoft Visual Studio Solution File, Format Version 12.00
# Visual Studio 2013
VisualStudioVersion = 12.0.31101.0
MinimumVisualStudioVersion = 10.0.40219.1
Project("{FAE04EC0-301F-11D3-BF4B-00C04F79EFBC}") = "OldHouseBusiness", "OldHouseBusiness\OldHouseBusiness.csproj", "{0335E8D4-8FC2-4C13-8282-6119E97076B4}"
EndProject
Project("{FAE04EC0-301F-11D3-BF4B-00C04F79EFBC}") = "Jtext103Entity", "Jtext103Entity\Jtext103Entity.csproj", "{C0FA95DB-4837-4773-8130-5ACB5875CCE4}"
EndProject
Project("{FAE04EC0-301F-11D3-BF4B-00C04F79EFBC}") = "OldHouseConsole", "OldHouseConsole\OldHouseConsole.csproj", "{1EF2D393-A2AA-47D5-B06B-1842DF7122A8}"
EndProject
Project("{FAE04EC0-301F-11D3-BF4B-00C04F79EFBC}") = "BlogSystem", "BlogSystem\BlogSystem.csproj", "{D79E26CA-16F3-4125-8910-59F9B20ED5DF}"
EndProject
Project("{FAE04EC0-301F-11D3-BF4B-00C04F79EFBC}") = "OldHouse.Web", "OldHouse.Web\OldHouse.Web.csproj", "{7DA0EF14-EBFD-4F65-875E-80C4CB6D86DD}"
EndProject
Project("{FAE04EC0-301F-11D3-BF4B-00C04F79EFBC}") = "Volunteer.Friend", "Volunteer.Friend\Volunteer.Friend.csproj", "{92E9DA80-5391-4179-87CD-66262154E944}"
EndProject
Project("{FAE04EC0-301F-11D3-BF4B-00C04F79EFBC}") = "Volunteer.Event", "Volunteer.Event\Volunteer.Event.csproj", "{CC043530-394E-4A4E-B666-A225DC48D963}"
EndProject
Project("{FAE04EC0-301F-11D3-BF4B-00C04F79EFBC}") = "Volunteer.Message", "Volunteer.Message\Volunteer.Message.csproj", "{2727DC71-1916-438B-880B-A42616331C36}"
EndProject
Project("{FAE04EC0-301F-11D3-BF4B-00C04F79EFBC}") = "OldHouse.EventHandlers", "OldHouse.EventHandlers\OldHouse.EventHandlers.csproj", "{14F2EB0C-716E-4EB9-8376-E37F6643382B}"
EndProject
Project("{FAE04EC0-301F-11D3-BF4B-00C04F79EFBC}") = "OldHouseStatistics", "OldHouseStatistics\OldHouseStatistics.csproj", "{7F126714-C6C2-46D4-BDF7-40FD3CC99777}"
EndProject
Global
	GlobalSection(SolutionConfigurationPlatforms) = preSolution
		Debug|Any CPU = Debug|Any CPU
		Release|Any CPU = Release|Any CPU
	EndGlobalSection
	GlobalSection(ProjectConfigurationPlatforms) = postSolution
		{0335E8D4-8FC2-4C13-8282-6119E97076B4}.Debug|Any CPU.ActiveCfg = Debug|Any CPU
		{0335E8D4-8FC2-4C13-8282-6119E97076B4}.Debug|Any CPU.Build.0 = Debug|Any CPU
		{0335E8D4-8FC2-4C13-8282-6119E97076B4}.Release|Any CPU.ActiveCfg = Release|Any CPU
		{0335E8D4-8FC2-4C13-8282-6119E97076B4}.Release|Any CPU.Build.0 = Release|Any CPU
		{C0FA95DB-4837-4773-8130-5ACB5875CCE4}.Debug|Any CPU.ActiveCfg = Debug|Any CPU
		{C0FA95DB-4837-4773-8130-5ACB5875CCE4}.Debug|Any CPU.Build.0 = Debug|Any CPU
		{C0FA95DB-4837-4773-8130-5ACB5875CCE4}.Release|Any CPU.ActiveCfg = Release|Any CPU
		{C0FA95DB-4837-4773-8130-5ACB5875CCE4}.Release|Any CPU.Build.0 = Release|Any CPU
		{1EF2D393-A2AA-47D5-B06B-1842DF7122A8}.Debug|Any CPU.ActiveCfg = Debug|Any CPU
		{1EF2D393-A2AA-47D5-B06B-1842DF7122A8}.Release|Any CPU.ActiveCfg = Release|Any CPU
		{1EF2D393-A2AA-47D5-B06B-1842DF7122A8}.Release|Any CPU.Build.0 = Release|Any CPU
		{D79E26CA-16F3-4125-8910-59F9B20ED5DF}.Debug|Any CPU.ActiveCfg = Debug|Any CPU
		{D79E26CA-16F3-4125-8910-59F9B20ED5DF}.Debug|Any CPU.Build.0 = Debug|Any CPU
		{D79E26CA-16F3-4125-8910-59F9B20ED5DF}.Release|Any CPU.ActiveCfg = Release|Any CPU
		{D79E26CA-16F3-4125-8910-59F9B20ED5DF}.Release|Any CPU.Build.0 = Release|Any CPU
		{7DA0EF14-EBFD-4F65-875E-80C4CB6D86DD}.Debug|Any CPU.ActiveCfg = Debug|Any CPU
		{7DA0EF14-EBFD-4F65-875E-80C4CB6D86DD}.Debug|Any CPU.Build.0 = Debug|Any CPU
		{7DA0EF14-EBFD-4F65-875E-80C4CB6D86DD}.Release|Any CPU.ActiveCfg = Release|Any CPU
		{7DA0EF14-EBFD-4F65-875E-80C4CB6D86DD}.Release|Any CPU.Build.0 = Release|Any CPU
		{92E9DA80-5391-4179-87CD-66262154E944}.Debug|Any CPU.ActiveCfg = Debug|Any CPU
		{92E9DA80-5391-4179-87CD-66262154E944}.Debug|Any CPU.Build.0 = Debug|Any CPU
		{92E9DA80-5391-4179-87CD-66262154E944}.Release|Any CPU.ActiveCfg = Release|Any CPU
		{92E9DA80-5391-4179-87CD-66262154E944}.Release|Any CPU.Build.0 = Release|Any CPU
		{CC043530-394E-4A4E-B666-A225DC48D963}.Debug|Any CPU.ActiveCfg = Debug|Any CPU
		{CC043530-394E-4A4E-B666-A225DC48D963}.Debug|Any CPU.Build.0 = Debug|Any CPU
		{CC043530-394E-4A4E-B666-A225DC48D963}.Release|Any CPU.ActiveCfg = Release|Any CPU
		{CC043530-394E-4A4E-B666-A225DC48D963}.Release|Any CPU.Build.0 = Release|Any CPU
		{2727DC71-1916-438B-880B-A42616331C36}.Debug|Any CPU.ActiveCfg = Debug|Any CPU
		{2727DC71-1916-438B-880B-A42616331C36}.Debug|Any CPU.Build.0 = Debug|Any CPU
		{2727DC71-1916-438B-880B-A42616331C36}.Release|Any CPU.ActiveCfg = Release|Any CPU
		{2727DC71-1916-438B-880B-A42616331C36}.Release|Any CPU.Build.0 = Release|Any CPU
		{14F2EB0C-716E-4EB9-8376-E37F6643382B}.Debug|Any CPU.ActiveCfg = Debug|Any CPU
		{14F2EB0C-716E-4EB9-8376-E37F6643382B}.Debug|Any CPU.Build.0 = Debug|Any CPU
		{14F2EB0C-716E-4EB9-8376-E37F6643382B}.Release|Any CPU.ActiveCfg = Release|Any CPU
		{14F2EB0C-716E-4EB9-8376-E37F6643382B}.Release|Any CPU.Build.0 = Release|Any CPU
		{7F126714-C6C2-46D4-BDF7-40FD3CC99777}.Debug|Any CPU.ActiveCfg = Debug|Any CPU
		{7F126714-C6C2-46D4-BDF7-40FD3CC99777}.Debug|Any CPU.Build.0 = Debug|Any CPU
		{7F126714-C6C2-46D4-BDF7-40FD3CC99777}.Release|Any CPU.ActiveCfg = Release|Any CPU
		{7F126714-C6C2-46D4-BDF7-40FD3CC99777}.Release|Any CPU.Build.0 = Release|Any CPU
	EndGlobalSection
	GlobalSection(SolutionProperties) = preSolution
		HideSolutionNode = FALSE
	EndGlobalSection
EndGlobal
